{
  "name": "website",
  "version": "1.0.0",
  "lockfileVersion": 1,
  "requires": true,
  "dependencies": {
    "angular-fx": {
      "version": "1.0.0",
      "resolved": "https://registry.npmjs.org/angular-fx/-/angular-fx-1.0.0.tgz",
      "integrity": "sha1-7CHHwLQPNIvBnGvbEIyCYWZ8w50=",
      "requires": {
        "animate.css": "^3.1.1"
      }
    },
    "animate.css": {
      "version": "3.6.1",
      "resolved": "https://registry.npmjs.org/animate.css/-/animate.css-3.6.1.tgz",
      "integrity": "sha512-xEIzzKyQvQSIldgrtC2d/qptAEQLVlMb6xQrjQ6HU6NyGhF7LAIivRZVmhSAg4EICRASNiS+A1G+wvAKTCoC7A=="
    },
    "csshelper": {
      "version": "1.0.1",
      "resolved": "https://registry.npmjs.org/csshelper/-/csshelper-1.0.1.tgz",
      "integrity": "sha1-5A2fDX6lmz4agKwryrknUi047DI="
    },
    "smooth-scroll": {
      "version": "9.1.1",
      "resolved": "git+https://github.com/cferdinandi/smooth-scroll.git#e5be456fc3461516fa9336d3938c62accc1f7e20"
    }
  }
}
